// !$*UTF8*$!
{
	archiveVersion = 1;
	classes = {
	};
	objectVersion = 56;
	objects = {

/* Begin PBXBuildFile section */
		43AB4A9229D2F298005D0388 /* DetailViewController.xib in Resources */ = {isa = PBXBuildFile; fileRef = 43AB4A9129D2F298005D0388 /* DetailViewController.xib */; };
		43AB4A9429D2FA78005D0388 /* Router.swift in Sources */ = {isa = PBXBuildFile; fileRef = 43AB4A9329D2FA78005D0388 /* Router.swift */; };
		43AB4A9829D429AF005D0388 /* RouterTest.swift in Sources */ = {isa = PBXBuildFile; fileRef = 43AB4A9729D429AE005D0388 /* RouterTest.swift */; };
		43B1EAA229D1AEAA00A04F36 /* AppDelegate.swift in Sources */ = {isa = PBXBuildFile; fileRef = 43B1EAA129D1AEAA00A04F36 /* AppDelegate.swift */; };
		43B1EAA429D1AEAA00A04F36 /* SceneDelegate.swift in Sources */ = {isa = PBXBuildFile; fileRef = 43B1EAA329D1AEAA00A04F36 /* SceneDelegate.swift */; };
		43B1EAA629D1AEAA00A04F36 /* MainViewController.swift in Sources */ = {isa = PBXBuildFile; fileRef = 43B1EAA529D1AEAA00A04F36 /* MainViewController.swift */; };
		43B1EAA929D1AEAA00A04F36 /* Main.storyboard in Resources */ = {isa = PBXBuildFile; fileRef = 43B1EAA729D1AEAA00A04F36 /* Main.storyboard */; };
		43B1EAAB29D1AEAC00A04F36 /* Assets.xcassets in Resources */ = {isa = PBXBuildFile; fileRef = 43B1EAAA29D1AEAC00A04F36 /* Assets.xcassets */; };
		43B1EAAE29D1AEAC00A04F36 /* LaunchScreen.storyboard in Resources */ = {isa = PBXBuildFile; fileRef = 43B1EAAC29D1AEAC00A04F36 /* LaunchScreen.storyboard */; };
		43B1EAEF29D1B02F00A04F36 /* MainPresenter.swift in Sources */ = {isa = PBXBuildFile; fileRef = 43B1EAEE29D1B02F00A04F36 /* MainPresenter.swift */; };
		43B1EAF129D1B08900A04F36 /* Comment.swift in Sources */ = {isa = PBXBuildFile; fileRef = 43B1EAF029D1B08900A04F36 /* Comment.swift */; };
		43B1EAF329D1B3D000A04F36 /* MainView.xib in Resources */ = {isa = PBXBuildFile; fileRef = 43B1EAF229D1B3D000A04F36 /* MainView.xib */; };
		43B1EAF529D1B44700A04F36 /* AssemblyModelBuilder.swift in Sources */ = {isa = PBXBuildFile; fileRef = 43B1EAF429D1B44700A04F36 /* AssemblyModelBuilder.swift */; };
		43B1EB0629D1BD1A00A04F36 /* MVP_ExampleTests.swift in Sources */ = {isa = PBXBuildFile; fileRef = 43B1EB0529D1BD1A00A04F36 /* MVP_ExampleTests.swift */; };
		43B1EB0D29D1BFDE00A04F36 /* MainPresenterTest.swift in Sources */ = {isa = PBXBuildFile; fileRef = 43B1EB0C29D1BFDE00A04F36 /* MainPresenterTest.swift */; };
		43BF1BEB29D1D21600A5181A /* NetworkService.swift in Sources */ = {isa = PBXBuildFile; fileRef = 43BF1BEA29D1D21600A5181A /* NetworkService.swift */; };
		43BF1BF029D2DA2600A5181A /* DetailPresenterProtocol.swift in Sources */ = {isa = PBXBuildFile; fileRef = 43BF1BEF29D2DA2600A5181A /* DetailPresenterProtocol.swift */; };
		43BF1BF429D2EEA700A5181A /* DetailViewController.swift in Sources */ = {isa = PBXBuildFile; fileRef = 43BF1BF229D2EEA700A5181A /* DetailViewController.swift */; };
/* End PBXBuildFile section */

/* Begin PBXContainerItemProxy section */
		43B1EB0729D1BD1A00A04F36 /* PBXContainerItemProxy */ = {
			isa = PBXContainerItemProxy;
			containerPortal = 43B1EA9629D1AEAA00A04F36 /* Project object */;
			proxyType = 1;
			remoteGlobalIDString = 43B1EA9D29D1AEAA00A04F36;
			remoteInfo = "MVP Example";
		};
/* End PBXContainerItemProxy section */

/* Begin PBXFileReference section */
		43AB4A9129D2F298005D0388 /* DetailViewController.xib */ = {isa = PBXFileReference; lastKnownFileType = file.xib; path = DetailViewController.xib; sourceTree = "<group>"; };
		43AB4A9329D2FA78005D0388 /* Router.swift */ = {isa = PBXFileReference; lastKnownFileType = sourcecode.swift; path = Router.swift; sourceTree = "<group>"; };
		43AB4A9729D429AE005D0388 /* RouterTest.swift */ = {isa = PBXFileReference; lastKnownFileType = sourcecode.swift; path = RouterTest.swift; sourceTree = "<group>"; };
		43B1EA9E29D1AEAA00A04F36 /* MVP Example.app */ = {isa = PBXFileReference; explicitFileType = wrapper.application; includeInIndex = 0; path = "MVP Example.app"; sourceTree = BUILT_PRODUCTS_DIR; };
		43B1EAA129D1AEAA00A04F36 /* AppDelegate.swift */ = {isa = PBXFileReference; lastKnownFileType = sourcecode.swift; path = AppDelegate.swift; sourceTree = "<group>"; };
		43B1EAA329D1AEAA00A04F36 /* SceneDelegate.swift */ = {isa = PBXFileReference; lastKnownFileType = sourcecode.swift; path = SceneDelegate.swift; sourceTree = "<group>"; };
		43B1EAA529D1AEAA00A04F36 /* MainViewController.swift */ = {isa = PBXFileReference; lastKnownFileType = sourcecode.swift; path = MainViewController.swift; sourceTree = "<group>"; };
		43B1EAA829D1AEAA00A04F36 /* Base */ = {isa = PBXFileReference; lastKnownFileType = file.storyboard; name = Base; path = Base.lproj/Main.storyboard; sourceTree = "<group>"; };
		43B1EAAA29D1AEAC00A04F36 /* Assets.xcassets */ = {isa = PBXFileReference; lastKnownFileType = folder.assetcatalog; path = Assets.xcassets; sourceTree = "<group>"; };
		43B1EAAD29D1AEAC00A04F36 /* Base */ = {isa = PBXFileReference; lastKnownFileType = file.storyboard; name = Base; path = Base.lproj/LaunchScreen.storyboard; sourceTree = "<group>"; };
		43B1EAAF29D1AEAC00A04F36 /* Info.plist */ = {isa = PBXFileReference; lastKnownFileType = text.plist.xml; path = Info.plist; sourceTree = "<group>"; };
		43B1EAEE29D1B02F00A04F36 /* MainPresenter.swift */ = {isa = PBXFileReference; lastKnownFileType = sourcecode.swift; path = MainPresenter.swift; sourceTree = "<group>"; };
		43B1EAF029D1B08900A04F36 /* Comment.swift */ = {isa = PBXFileReference; lastKnownFileType = sourcecode.swift; path = Comment.swift; sourceTree = "<group>"; };
		43B1EAF229D1B3D000A04F36 /* MainView.xib */ = {isa = PBXFileReference; lastKnownFileType = file.xib; path = MainView.xib; sourceTree = "<group>"; };
		43B1EAF429D1B44700A04F36 /* AssemblyModelBuilder.swift */ = {isa = PBXFileReference; lastKnownFileType = sourcecode.swift; path = AssemblyModelBuilder.swift; sourceTree = "<group>"; };
		43B1EB0329D1BD1A00A04F36 /* MVP ExampleTests.xctest */ = {isa = PBXFileReference; explicitFileType = wrapper.cfbundle; includeInIndex = 0; path = "MVP ExampleTests.xctest"; sourceTree = BUILT_PRODUCTS_DIR; };
		43B1EB0529D1BD1A00A04F36 /* MVP_ExampleTests.swift */ = {isa = PBXFileReference; lastKnownFileType = sourcecode.swift; path = MVP_ExampleTests.swift; sourceTree = "<group>"; };
		43B1EB0C29D1BFDE00A04F36 /* MainPresenterTest.swift */ = {isa = PBXFileReference; lastKnownFileType = sourcecode.swift; path = MainPresenterTest.swift; sourceTree = "<group>"; };
		43BF1BEA29D1D21600A5181A /* NetworkService.swift */ = {isa = PBXFileReference; lastKnownFileType = sourcecode.swift; path = NetworkService.swift; sourceTree = "<group>"; };
		43BF1BEF29D2DA2600A5181A /* DetailPresenterProtocol.swift */ = {isa = PBXFileReference; lastKnownFileType = sourcecode.swift; path = DetailPresenterProtocol.swift; sourceTree = "<group>"; };
		43BF1BF229D2EEA700A5181A /* DetailViewController.swift */ = {isa = PBXFileReference; lastKnownFileType = sourcecode.swift; path = DetailViewController.swift; sourceTree = "<group>"; };
/* End PBXFileReference section */

/* Begin PBXFrameworksBuildPhase section */
		43B1EA9B29D1AEAA00A04F36 /* Frameworks */ = {
			isa = PBXFrameworksBuildPhase;
			buildActionMask = 2147483647;
			files = (
			);
			runOnlyForDeploymentPostprocessing = 0;
		};
		43B1EB0029D1BD1A00A04F36 /* Frameworks */ = {
			isa = PBXFrameworksBuildPhase;
			buildActionMask = 2147483647;
			files = (
			);
			runOnlyForDeploymentPostprocessing = 0;
		};
/* End PBXFrameworksBuildPhase section */

/* Begin PBXGroup section */
		43B1EA9529D1AEAA00A04F36 = {
			isa = PBXGroup;
			children = (
				43B1EAA029D1AEAA00A04F36 /* MVP Example */,
				43B1EB0429D1BD1A00A04F36 /* MVP ExampleTests */,
				43B1EA9F29D1AEAA00A04F36 /* Products */,
			);
			sourceTree = "<group>";
		};
		43B1EA9F29D1AEAA00A04F36 /* Products */ = {
			isa = PBXGroup;
			children = (
				43B1EA9E29D1AEAA00A04F36 /* MVP Example.app */,
				43B1EB0329D1BD1A00A04F36 /* MVP ExampleTests.xctest */,
			);
			name = Products;
			sourceTree = "<group>";
		};
		43B1EAA029D1AEAA00A04F36 /* MVP Example */ = {
			isa = PBXGroup;
			children = (
				43BF1BF129D2EE5600A5181A /* DetailModule */,
				43B1EAED29D1B02200A04F36 /* MainModule */,
				43B1EAEB29D1AEE600A04F36 /* Support Files */,
				43B1EAA729D1AEAA00A04F36 /* Main.storyboard */,
				43B1EAAA29D1AEAC00A04F36 /* Assets.xcassets */,
				43B1EAAC29D1AEAC00A04F36 /* LaunchScreen.storyboard */,
				43B1EAAF29D1AEAC00A04F36 /* Info.plist */,
			);
			path = "MVP Example";
			sourceTree = "<group>";
		};
		43B1EAEB29D1AEE600A04F36 /* Support Files */ = {
			isa = PBXGroup;
			children = (
				43B1EAA129D1AEAA00A04F36 /* AppDelegate.swift */,
				43B1EAA329D1AEAA00A04F36 /* SceneDelegate.swift */,
			);
			path = "Support Files";
			sourceTree = "<group>";
		};
		43B1EAED29D1B02200A04F36 /* MainModule */ = {
			isa = PBXGroup;
			children = (
				43B1EAF829D1B84200A04F36 /* View */,
				43B1EAF929D1B84700A04F36 /* Module */,
				43B1EAFA29D1B85100A04F36 /* Presenter */,
			);
			path = MainModule;
			sourceTree = "<group>";
		};
		43B1EAF829D1B84200A04F36 /* View */ = {
			isa = PBXGroup;
			children = (
				43B1EAA529D1AEAA00A04F36 /* MainViewController.swift */,
				43B1EAF229D1B3D000A04F36 /* MainView.xib */,
			);
			path = View;
			sourceTree = "<group>";
		};
		43B1EAF929D1B84700A04F36 /* Module */ = {
			isa = PBXGroup;
			children = (
				43B1EAF429D1B44700A04F36 /* AssemblyModelBuilder.swift */,
				43AB4A9329D2FA78005D0388 /* Router.swift */,
				43B1EAF029D1B08900A04F36 /* Comment.swift */,
				43BF1BEC29D1D23E00A5181A /* Service Layer */,
			);
			path = Module;
			sourceTree = "<group>";
		};
		43B1EAFA29D1B85100A04F36 /* Presenter */ = {
			isa = PBXGroup;
			children = (
				43B1EAEE29D1B02F00A04F36 /* MainPresenter.swift */,
				43B1EB0C29D1BFDE00A04F36 /* MainPresenterTest.swift */,
				43AB4A9729D429AE005D0388 /* RouterTest.swift */,
			);
			path = Presenter;
			sourceTree = "<group>";
		};
		43B1EB0429D1BD1A00A04F36 /* MVP ExampleTests */ = {
			isa = PBXGroup;
			children = (
				43B1EB0529D1BD1A00A04F36 /* MVP_ExampleTests.swift */,
			);
			path = "MVP ExampleTests";
			sourceTree = "<group>";
		};
		43BF1BEC29D1D23E00A5181A /* Service Layer */ = {
			isa = PBXGroup;
			children = (
				43BF1BEA29D1D21600A5181A /* NetworkService.swift */,
			);
			path = "Service Layer";
			sourceTree = "<group>";
		};
		43BF1BF129D2EE5600A5181A /* DetailModule */ = {
			isa = PBXGroup;
			children = (
				43BF1BEF29D2DA2600A5181A /* DetailPresenterProtocol.swift */,
				43BF1BF629D2EEAF00A5181A /* DetailView */,
			);
			path = DetailModule;
			sourceTree = "<group>";
		};
		43BF1BF629D2EEAF00A5181A /* DetailView */ = {
			isa = PBXGroup;
			children = (
				43BF1BF229D2EEA700A5181A /* DetailViewController.swift */,
				43AB4A9129D2F298005D0388 /* DetailViewController.xib */,
			);
			path = DetailView;
			sourceTree = "<group>";
		};
/* End PBXGroup section */

/* Begin PBXNativeTarget section */
		43B1EA9D29D1AEAA00A04F36 /* MVP Example */ = {
			isa = PBXNativeTarget;
			buildConfigurationList = 43B1EAB229D1AEAC00A04F36 /* Build configuration list for PBXNativeTarget "MVP Example" */;
			buildPhases = (
				43B1EA9A29D1AEAA00A04F36 /* Sources */,
				43B1EA9B29D1AEAA00A04F36 /* Frameworks */,
				43B1EA9C29D1AEAA00A04F36 /* Resources */,
			);
			buildRules = (
			);
			dependencies = (
			);
			name = "MVP Example";
			productName = "MVP Example";
			productReference = 43B1EA9E29D1AEAA00A04F36 /* MVP Example.app */;
			productType = "com.apple.product-type.application";
		};
		43B1EB0229D1BD1A00A04F36 /* MVP ExampleTests */ = {
			isa = PBXNativeTarget;
			buildConfigurationList = 43B1EB0929D1BD1A00A04F36 /* Build configuration list for PBXNativeTarget "MVP ExampleTests" */;
			buildPhases = (
				43B1EAFF29D1BD1A00A04F36 /* Sources */,
				43B1EB0029D1BD1A00A04F36 /* Frameworks */,
				43B1EB0129D1BD1A00A04F36 /* Resources */,
			);
			buildRules = (
			);
			dependencies = (
				43B1EB0829D1BD1A00A04F36 /* PBXTargetDependency */,
			);
			name = "MVP ExampleTests";
			productName = "MVP ExampleTests";
			productReference = 43B1EB0329D1BD1A00A04F36 /* MVP ExampleTests.xctest */;
			productType = "com.apple.product-type.bundle.unit-test";
		};
/* End PBXNativeTarget section */

/* Begin PBXProject section */
		43B1EA9629D1AEAA00A04F36 /* Project object */ = {
			isa = PBXProject;
			attributes = {
				BuildIndependentTargetsInParallel = 1;
				LastSwiftUpdateCheck = 1420;
				LastUpgradeCheck = 1420;
				TargetAttributes = {
					43B1EA9D29D1AEAA00A04F36 = {
						CreatedOnToolsVersion = 14.2;
					};
					43B1EB0229D1BD1A00A04F36 = {
						CreatedOnToolsVersion = 14.2;
						TestTargetID = 43B1EA9D29D1AEAA00A04F36;
					};
				};
			};
			buildConfigurationList = 43B1EA9929D1AEAA00A04F36 /* Build configuration list for PBXProject "MVP Example" */;
			compatibilityVersion = "Xcode 14.0";
			developmentRegion = en;
			hasScannedForEncodings = 0;
			knownRegions = (
				en,
				Base,
			);
			mainGroup = 43B1EA9529D1AEAA00A04F36;
			productRefGroup = 43B1EA9F29D1AEAA00A04F36 /* Products */;
			projectDirPath = "";
			projectRoot = "";
			targets = (
				43B1EA9D29D1AEAA00A04F36 /* MVP Example */,
				43B1EB0229D1BD1A00A04F36 /* MVP ExampleTests */,
			);
		};
/* End PBXProject section */

/* Begin PBXResourcesBuildPhase section */
		43B1EA9C29D1AEAA00A04F36 /* Resources */ = {
			isa = PBXResourcesBuildPhase;
			buildActionMask = 2147483647;
			files = (
				43B1EAAE29D1AEAC00A04F36 /* LaunchScreen.storyboard in Resources */,
				43B1EAF329D1B3D000A04F36 /* MainView.xib in Resources */,
				43AB4A9229D2F298005D0388 /* DetailViewController.xib in Resources */,
				43B1EAAB29D1AEAC00A04F36 /* Assets.xcassets in Resources */,
				43B1EAA929D1AEAA00A04F36 /* Main.storyboard in Resources */,
			);
			runOnlyForDeploymentPostprocessing = 0;
		};
		43B1EB0129D1BD1A00A04F36 /* Resources */ = {
			isa = PBXResourcesBuildPhase;
			buildActionMask = 2147483647;
			files = (
			);
			runOnlyForDeploymentPostprocessing = 0;
		};
/* End PBXResourcesBuildPhase section */

/* Begin PBXSourcesBuildPhase section */
		43B1EA9A29D1AEAA00A04F36 /* Sources */ = {
			isa = PBXSourcesBuildPhase;
			buildActionMask = 2147483647;
			files = (
				43BF1BF429D2EEA700A5181A /* DetailViewController.swift in Sources */,
				43B1EAF129D1B08900A04F36 /* Comment.swift in Sources */,
				43AB4A9429D2FA78005D0388 /* Router.swift in Sources */,
				43B1EAA629D1AEAA00A04F36 /* MainViewController.swift in Sources */,
				43B1EAEF29D1B02F00A04F36 /* MainPresenter.swift in Sources */,
				43B1EAF529D1B44700A04F36 /* AssemblyModelBuilder.swift in Sources */,
				43B1EAA229D1AEAA00A04F36 /* AppDelegate.swift in Sources */,
				43BF1BF029D2DA2600A5181A /* DetailPresenterProtocol.swift in Sources */,
				43B1EAA429D1AEAA00A04F36 /* SceneDelegate.swift in Sources */,
				43BF1BEB29D1D21600A5181A /* NetworkService.swift in Sources */,
			);
			runOnlyForDeploymentPostprocessing = 0;
		};
		43B1EAFF29D1BD1A00A04F36 /* Sources */ = {
			isa = PBXSourcesBuildPhase;
			buildActionMask = 2147483647;
			files = (
				43B1EB0629D1BD1A00A04F36 /* MVP_ExampleTests.swift in Sources */,
				43AB4A9829D429AF005D0388 /* RouterTest.swift in Sources */,
				43B1EB0D29D1BFDE00A04F36 /* MainPresenterTest.swift in Sources */,
			);
			runOnlyForDeploymentPostprocessing = 0;
		};
/* End PBXSourcesBuildPhase section */

/* Begin PBXTargetDependency section */
		43B1EB0829D1BD1A00A04F36 /* PBXTargetDependency */ = {
			isa = PBXTargetDependency;
			target = 43B1EA9D29D1AEAA00A04F36 /* MVP Example */;
			targetProxy = 43B1EB0729D1BD1A00A04F36 /* PBXContainerItemProxy */;
		};
/* End PBXTargetDependency section */

/* Begin PBXVariantGroup section */
		43B1EAA729D1AEAA00A04F36 /* Main.storyboard */ = {
			isa = PBXVariantGroup;
			children = (
				43B1EAA829D1AEAA00A04F36 /* Base */,
			);
			name = Main.storyboard;
			sourceTree = "<group>";
		};
		43B1EAAC29D1AEAC00A04F36 /* LaunchScreen.storyboard */ = {
			isa = PBXVariantGroup;
			children = (
				43B1EAAD29D1AEAC00A04F36 /* Base */,
			);
			name = LaunchScreen.storyboard;
			sourceTree = "<group>";
		};
/* End PBXVariantGroup section */

/* Begin XCBuildConfiguration section */
		43B1EAB029D1AEAC00A04F36 /* Debug */ = {
			isa = XCBuildConfiguration;
			buildSettings = {
				ALWAYS_SEARCH_USER_PATHS = NO;
				CLANG_ANALYZER_NONNULL = YES;
				CLANG_ANALYZER_NUMBER_OBJECT_CONVERSION = YES_AGGRESSIVE;
				CLANG_CXX_LANGUAGE_STANDARD = "gnu++20";
				CLANG_ENABLE_MODULES = YES;
				CLANG_ENABLE_OBJC_ARC = YES;
				CLANG_ENABLE_OBJC_WEAK = YES;
				CLANG_WARN_BLOCK_CAPTURE_AUTORELEASING = YES;
				CLANG_WARN_BOOL_CONVERSION = YES;
				CLANG_WARN_COMMA = YES;
				CLANG_WARN_CONSTANT_CONVERSION = YES;
				CLANG_WARN_DEPRECATED_OBJC_IMPLEMENTATIONS = YES;
				CLANG_WARN_DIRECT_OBJC_ISA_USAGE = YES_ERROR;
				CLANG_WARN_DOCUMENTATION_COMMENTS = YES;
				CLANG_WARN_EMPTY_BODY = YES;
				CLANG_WARN_ENUM_CONVERSION = YES;
				CLANG_WARN_INFINITE_RECURSION = YES;
				CLANG_WARN_INT_CONVERSION = YES;
				CLANG_WARN_NON_LITERAL_NULL_CONVERSION = YES;
				CLANG_WARN_OBJC_IMPLICIT_RETAIN_SELF = YES;
				CLANG_WARN_OBJC_LITERAL_CONVERSION = YES;
				CLANG_WARN_OBJC_ROOT_CLASS = YES_ERROR;
				CLANG_WARN_QUOTED_INCLUDE_IN_FRAMEWORK_HEADER = YES;
				CLANG_WARN_RANGE_LOOP_ANALYSIS = YES;
				CLANG_WARN_STRICT_PROTOTYPES = YES;
				CLANG_WARN_SUSPICIOUS_MOVE = YES;
				CLANG_WARN_UNGUARDED_AVAILABILITY = YES_AGGRESSIVE;
				CLANG_WARN_UNREACHABLE_CODE = YES;
				CLANG_WARN__DUPLICATE_METHOD_MATCH = YES;
				COPY_PHASE_STRIP = NO;
				DEBUG_INFORMATION_FORMAT = dwarf;
				ENABLE_STRICT_OBJC_MSGSEND = YES;
				ENABLE_TESTABILITY = YES;
				GCC_C_LANGUAGE_STANDARD = gnu11;
				GCC_DYNAMIC_NO_PIC = NO;
				GCC_NO_COMMON_BLOCKS = YES;
				GCC_OPTIMIZATION_LEVEL = 0;
				GCC_PREPROCESSOR_DEFINITIONS = (
					"DEBUG=1",
					"$(inherited)",
				);
				GCC_WARN_64_TO_32_BIT_CONVERSION = YES;
				GCC_WARN_ABOUT_RETURN_TYPE = YES_ERROR;
				GCC_WARN_UNDECLARED_SELECTOR = YES;
				GCC_WARN_UNINITIALIZED_AUTOS = YES_AGGRESSIVE;
				GCC_WARN_UNUSED_FUNCTION = YES;
				GCC_WARN_UNUSED_VARIABLE = YES;
				IPHONEOS_DEPLOYMENT_TARGET = 16.2;
				MTL_ENABLE_DEBUG_INFO = INCLUDE_SOURCE;
				MTL_FAST_MATH = YES;
				ONLY_ACTIVE_ARCH = YES;
				SDKROOT = iphoneos;
				SWIFT_ACTIVE_COMPILATION_CONDITIONS = DEBUG;
				SWIFT_OPTIMIZATION_LEVEL = "-Onone";
			};
			name = Debug;
		};
		43B1EAB129D1AEAC00A04F36 /* Release */ = {
			isa = XCBuildConfiguration;
			buildSettings = {
				ALWAYS_SEARCH_USER_PATHS = NO;
				CLANG_ANALYZER_NONNULL = YES;
				CLANG_ANALYZER_NUMBER_OBJECT_CONVERSION = YES_AGGRESSIVE;
				CLANG_CXX_LANGUAGE_STANDARD = "gnu++20";
				CLANG_ENABLE_MODULES = YES;
				CLANG_ENABLE_OBJC_ARC = YES;
				CLANG_ENABLE_OBJC_WEAK = YES;
				CLANG_WARN_BLOCK_CAPTURE_AUTORELEASING = YES;
				CLANG_WARN_BOOL_CONVERSION = YES;
				CLANG_WARN_COMMA = YES;
				CLANG_WARN_CONSTANT_CONVERSION = YES;
				CLANG_WARN_DEPRECATED_OBJC_IMPLEMENTATIONS = YES;
				CLANG_WARN_DIRECT_OBJC_ISA_USAGE = YES_ERROR;
				CLANG_WARN_DOCUMENTATION_COMMENTS = YES;
				CLANG_WARN_EMPTY_BODY = YES;
				CLANG_WARN_ENUM_CONVERSION = YES;
				CLANG_WARN_INFINITE_RECURSION = YES;
				CLANG_WARN_INT_CONVERSION = YES;
				CLANG_WARN_NON_LITERAL_NULL_CONVERSION = YES;
				CLANG_WARN_OBJC_IMPLICIT_RETAIN_SELF = YES;
				CLANG_WARN_OBJC_LITERAL_CONVERSION = YES;
				CLANG_WARN_OBJC_ROOT_CLASS = YES_ERROR;
				CLANG_WARN_QUOTED_INCLUDE_IN_FRAMEWORK_HEADER = YES;
				CLANG_WARN_RANGE_LOOP_ANALYSIS = YES;
				CLANG_WARN_STRICT_PROTOTYPES = YES;
				CLANG_WARN_SUSPICIOUS_MOVE = YES;
				CLANG_WARN_UNGUARDED_AVAILABILITY = YES_AGGRESSIVE;
				CLANG_WARN_UNREACHABLE_CODE = YES;
				CLANG_WARN__DUPLICATE_METHOD_MATCH = YES;
				COPY_PHASE_STRIP = NO;
				DEBUG_INFORMATION_FORMAT = "dwarf-with-dsym";
				ENABLE_NS_ASSERTIONS = NO;
				ENABLE_STRICT_OBJC_MSGSEND = YES;
				ENABLE_TESTABILITY = YES;
				GCC_C_LANGUAGE_STANDARD = gnu11;
				GCC_NO_COMMON_BLOCKS = YES;
				GCC_WARN_64_TO_32_BIT_CONVERSION = YES;
				GCC_WARN_ABOUT_RETURN_TYPE = YES_ERROR;
				GCC_WARN_UNDECLARED_SELECTOR = YES;
				GCC_WARN_UNINITIALIZED_AUTOS = YES_AGGRESSIVE;
				GCC_WARN_UNUSED_FUNCTION = YES;
				GCC_WARN_UNUSED_VARIABLE = YES;
				IPHONEOS_DEPLOYMENT_TARGET = 16.2;
				MTL_ENABLE_DEBUG_INFO = NO;
				MTL_FAST_MATH = YES;
				SDKROOT = iphoneos;
				SWIFT_COMPILATION_MODE = wholemodule;
				SWIFT_OPTIMIZATION_LEVEL = "-O";
				VALIDATE_PRODUCT = YES;
			};
			name = Release;
		};
		43B1EAB329D1AEAC00A04F36 /* Debug */ = {
			isa = XCBuildConfiguration;
			buildSettings = {
				ASSETCATALOG_COMPILER_APPICON_NAME = AppIcon;
				ASSETCATALOG_COMPILER_GLOBAL_ACCENT_COLOR_NAME = AccentColor;
				CODE_SIGN_STYLE = Automatic;
				CURRENT_PROJECT_VERSION = 1;
				DEVELOPMENT_TEAM = 5K6Q3VCR94;
				GENERATE_INFOPLIST_FILE = YES;
				INFOPLIST_FILE = "MVP Example/Info.plist";
				INFOPLIST_KEY_UIApplicationSupportsIndirectInputEvents = YES;
				INFOPLIST_KEY_UILaunchStoryboardName = LaunchScreen;
				INFOPLIST_KEY_UIMainStoryboardFile = Main;
				INFOPLIST_KEY_UISupportedInterfaceOrientations_iPad = "UIInterfaceOrientationPortrait UIInterfaceOrientationPortraitUpsideDown UIInterfaceOrientationLandscapeLeft UIInterfaceOrientationLandscapeRight";
				INFOPLIST_KEY_UISupportedInterfaceOrientations_iPhone = "UIInterfaceOrientationPortrait UIInterfaceOrientationLandscapeLeft UIInterfaceOrientationLandscapeRight";
				LD_RUNPATH_SEARCH_PATHS = (
					"$(inherited)",
					"@executable_path/Frameworks",
				);
				MARKETING_VERSION = 1.0;
				PRODUCT_BUNDLE_IDENTIFIER = "Frinantelin.com.MVP-Example";
				PRODUCT_NAME = "$(TARGET_NAME)";
				SWIFT_EMIT_LOC_STRINGS = YES;
				SWIFT_VERSION = 5.0;
				TARGETED_DEVICE_FAMILY = "1,2";
			};
			name = Debug;
		};
		43B1EAB429D1AEAC00A04F36 /* Release */ = {
			isa = XCBuildConfiguration;
			buildSettings = {
				ASSETCATALOG_COMPILER_APPICON_NAME = AppIcon;
				ASSETCATALOG_COMPILER_GLOBAL_ACCENT_COLOR_NAME = AccentColor;
				CODE_SIGN_STYLE = Automatic;
				CURRENT_PROJECT_VERSION = 1;
				DEVELOPMENT_TEAM = 5K6Q3VCR94;
				GENERATE_INFOPLIST_FILE = YES;
				INFOPLIST_FILE = "MVP Example/Info.plist";
				INFOPLIST_KEY_UIApplicationSupportsIndirectInputEvents = YES;
				INFOPLIST_KEY_UILaunchStoryboardName = LaunchScreen;
				INFOPLIST_KEY_UIMainStoryboardFile = Main;
				INFOPLIST_KEY_UISupportedInterfaceOrientations_iPad = "UIInterfaceOrientationPortrait UIInterfaceOrientationPortraitUpsideDown UIInterfaceOrientationLandscapeLeft UIInterfaceOrientationLandscapeRight";
				INFOPLIST_KEY_UISupportedInterfaceOrientations_iPhone = "UIInterfaceOrientationPortrait UIInterfaceOrientationLandscapeLeft UIInterfaceOrientationLandscapeRight";
				LD_RUNPATH_SEARCH_PATHS = (
					"$(inherited)",
					"@executable_path/Frameworks",
				);
				MARKETING_VERSION = 1.0;
				PRODUCT_BUNDLE_IDENTIFIER = "Frinantelin.com.MVP-Example";
				PRODUCT_NAME = "$(TARGET_NAME)";
				SWIFT_EMIT_LOC_STRINGS = YES;
				SWIFT_VERSION = 5.0;
				TARGETED_DEVICE_FAMILY = "1,2";
			};
			name = Release;
		};
		43B1EB0A29D1BD1A00A04F36 /* Debug */ = {
			isa = XCBuildConfiguration;
			buildSettings = {
				BUNDLE_LOADER = "$(TEST_HOST)";
				CODE_SIGN_STYLE = Automatic;
				CURRENT_PROJECT_VERSION = 1;
				DEVELOPMENT_TEAM = 5K6Q3VCR94;
				GENERATE_INFOPLIST_FILE = YES;
				MARKETING_VERSION = 1.0;
				PRODUCT_BUNDLE_IDENTIFIER = "Frinantelin.com.MVP-ExampleTests";
				PRODUCT_NAME = "$(TARGET_NAME)";
				SWIFT_EMIT_LOC_STRINGS = NO;
				SWIFT_VERSION = 5.0;
				TARGETED_DEVICE_FAMILY = "1,2";
				TEST_HOST = "$(BUILT_PRODUCTS_DIR)/MVP Example.app/$(BUNDLE_EXECUTABLE_FOLDER_PATH)/MVP Example";
			};
			name = Debug;
		};
		43B1EB0B29D1BD1A00A04F36 /* Release */ = {
			isa = XCBuildConfiguration;
			buildSettings = {
				BUNDLE_LOADER = "$(TEST_HOST)";
				CODE_SIGN_STYLE = Automatic;
				CURRENT_PROJECT_VERSION = 1;
				DEVELOPMENT_TEAM = 5K6Q3VCR94;
				GENERATE_INFOPLIST_FILE = YES;
				MARKETING_VERSION = 1.0;
				PRODUCT_BUNDLE_IDENTIFIER = "Frinantelin.com.MVP-ExampleTests";
				PRODUCT_NAME = "$(TARGET_NAME)";
				SWIFT_EMIT_LOC_STRINGS = NO;
				SWIFT_VERSION = 5.0;
				TARGETED_DEVICE_FAMILY = "1,2";
				TEST_HOST = "$(BUILT_PRODUCTS_DIR)/MVP Example.app/$(BUNDLE_EXECUTABLE_FOLDER_PATH)/MVP Example";
			};
			name = Release;
		};
/* End XCBuildConfiguration section */

/* Begin XCConfigurationList section */
		43B1EA9929D1AEAA00A04F36 /* Build configuration list for PBXProject "MVP Example" */ = {
			isa = XCConfigurationList;
			buildConfigurations = (
				43B1EAB029D1AEAC00A04F36 /* Debug */,
				43B1EAB129D1AEAC00A04F36 /* Release */,
			);
			defaultConfigurationIsVisible = 0;
			defaultConfigurationName = Release;
		};
		43B1EAB229D1AEAC00A04F36 /* Build configuration list for PBXNativeTarget "MVP Example" */ = {
			isa = XCConfigurationList;
			buildConfigurations = (
				43B1EAB329D1AEAC00A04F36 /* Debug */,
				43B1EAB429D1AEAC00A04F36 /* Release */,
			);
			defaultConfigurationIsVisible = 0;
			defaultConfigurationName = Release;
		};
		43B1EB0929D1BD1A00A04F36 /* Build configuration list for PBXNativeTarget "MVP ExampleTests" */ = {
			isa = XCConfigurationList;
			buildConfigurations = (
				43B1EB0A29D1BD1A00A04F36 /* Debug */,
				43B1EB0B29D1BD1A00A04F36 /* Release */,
			);
			defaultConfigurationIsVisible = 0;
			defaultConfigurationName = Release;
		};
/* End XCConfigurationList section */
	};
	rootObject = 43B1EA9629D1AEAA00A04F36 /* Project object */;
}
